{
  "name": "morphgrid-wasm",
  "lockfileVersion": 3,
  "requires": true,
  "packages": {
    "": {
      "name": "morphgrid-wasm",
      "license": "MIT",
      "workspaces": [
        "packages/*"
      ]
    },
    "node_modules/@morphgrid/core": {
      "resolved": "packages/core",
      "link": true
    },
    "node_modules/@morphgrid/demo": {
      "resolved": "packages/demo",
      "link": true
    },
    "node_modules/@morphgrid/joiner": {
      "resolved": "packages/joiner",
      "link": true
    },
    "node_modules/snowball-stemmers": {
      "version": "0.6.0",
      "resolved": "https://registry.npmjs.org/snowball-stemmers/-/snowball-stemmers-0.6.0.tgz",
      "integrity": "sha512-47VTJvsZzEme3VxhbUFc9wR0CX8fYKNMgL7AiBdJcHUrwbmN7htFroeX+8ESIAaoNgwEgwI2wnv1HIcqQqAdcA==",
      "license": "ISC"
    },
    "node_modules/typescript": {
      "version": "5.9.2",
      "resolved": "https://registry.npmjs.org/typescript/-/typescript-5.9.2.tgz",
      "integrity": "sha512-CWBzXQrc/qOkhidw1OzBTQuYRbfyxDXJMVJ1XNwUHGROVmuaeiEm3OslpZ1RV96d7SKKjZKrSJu3+t/xlw3R9A==",
      "dev": true,
      "license": "Apache-2.0",
      "bin": {
        "tsc": "bin/tsc",
        "tsserver": "bin/tsserver"
      },
      "engines": {
        "node": ">=14.17"
      }
    },
    "packages/core": {
      "name": "@morphgrid/core",
      "version": "0.0.1",
      "dependencies": {
        "snowball-stemmers": "^0.6.0"
      },
      "devDependencies": {
        "typescript": "^5.9.2"
      }
    },
    "packages/demo": {
      "name": "@morphgrid/demo",
      "version": "0.0.1"
    },
    "packages/joiner": {
      "name": "@morphgrid/joiner",
      "version": "0.0.1"
    }
  }
}
